
Microsoft Visual Studio Solution File, Format Version 12.00
# Visual Studio Version 16
VisualStudioVersion = 16.0.33927.289
MinimumVisualStudioVersion = 10.0.40219.1
Project("{8BC9CEB8-8B4A-11D0-8D11-00A0C91BC942}") = "ThreadTest2", "ThreadTest2.vcxproj", "{31F0B775-5983-4BBC-B74D-9C91567B1C89}"
EndProject
Global
	GlobalSection(SolutionConfigurationPlatforms) = preSolution
		Debug|x64 = Debug|x64
		Debug|x86 = Debug|x86
		Release|x64 = Release|x64
		Release|x86 = Release|x86
	EndGlobalSection
	GlobalSection(ProjectConfigurationPlatforms) = postSolution
		{31F0B775-5983-4BBC-B74D-9C91567B1C89}.Debug|x64.ActiveCfg = Debug|x64
		{31F0B775-5983-4BBC-B74D-9C91567B1C89}.Debug|x64.Build.0 = Debug|x64
		{31F0B775-5983-4BBC-B74D-9C91567B1C89}.Debug|x86.ActiveCfg = Debug|Win32
		{31F0B775-5983-4BBC-B74D-9C91567B1C89}.Debug|x86.Build.0 = Debug|Win32
		{31F0B775-5983-4BBC-B74D-9C91567B1C89}.Release|x64.ActiveCfg = Release|x64
		{31F0B775-5983-4BBC-B74D-9C91567B1C89}.Release|x64.Build.0 = Release|x64
		{31F0B775-5983-4BBC-B74D-9C91567B1C89}.Release|x86.ActiveCfg = Release|Win32
		{31F0B775-5983-4BBC-B74D-9C91567B1C89}.Release|x86.Build.0 = Release|Win32
	EndGlobalSection
	GlobalSection(SolutionProperties) = preSolution
		HideSolutionNode = FALSE
	EndGlobalSection
	GlobalSection(ExtensibilityGlobals) = postSolution
		SolutionGuid = {1DCDBD60-440E-4F47-80BC-6FC5DA26DD14}
	EndGlobalSection
EndGlobal
