
Microsoft Visual Studio Solution File, Format Version 12.00
# Visual Studio Version 16
VisualStudioVersion = 16.0.33927.289
MinimumVisualStudioVersion = 10.0.40219.1
Project("{8BC9CEB8-8B4A-11D0-8D11-00A0C91BC942}") = "TCPClient_FixedVariable", "TCPClient_FixedVariable.vcxproj", "{7FFF287B-927A-4E63-ACB7-3D2D5FB8DA47}"
EndProject
Global
	GlobalSection(SolutionConfigurationPlatforms) = preSolution
		Debug|x64 = Debug|x64
		Debug|x86 = Debug|x86
		Release|x64 = Release|x64
		Release|x86 = Release|x86
	EndGlobalSection
	GlobalSection(ProjectConfigurationPlatforms) = postSolution
		{7FFF287B-927A-4E63-ACB7-3D2D5FB8DA47}.Debug|x64.ActiveCfg = Debug|x64
		{7FFF287B-927A-4E63-ACB7-3D2D5FB8DA47}.Debug|x64.Build.0 = Debug|x64
		{7FFF287B-927A-4E63-ACB7-3D2D5FB8DA47}.Debug|x86.ActiveCfg = Debug|Win32
		{7FFF287B-927A-4E63-ACB7-3D2D5FB8DA47}.Debug|x86.Build.0 = Debug|Win32
		{7FFF287B-927A-4E63-ACB7-3D2D5FB8DA47}.Release|x64.ActiveCfg = Release|x64
		{7FFF287B-927A-4E63-ACB7-3D2D5FB8DA47}.Release|x64.Build.0 = Release|x64
		{7FFF287B-927A-4E63-ACB7-3D2D5FB8DA47}.Release|x86.ActiveCfg = Release|Win32
		{7FFF287B-927A-4E63-ACB7-3D2D5FB8DA47}.Release|x86.Build.0 = Release|Win32
	EndGlobalSection
	GlobalSection(SolutionProperties) = preSolution
		HideSolutionNode = FALSE
	EndGlobalSection
	GlobalSection(ExtensibilityGlobals) = postSolution
		SolutionGuid = {AC249E19-A129-41D9-83B9-E0B77B9C2397}
	EndGlobalSection
EndGlobal
